
Microsoft Visual Studio Solution File, Format Version 12.00
# Visual Studio Version 16
VisualStudioVersion = 16.0.30907.101
MinimumVisualStudioVersion = 10.0.40219.1
Project("{FAE04EC0-301F-11D3-BF4B-00C04F79EFBC}") = "AccessMdb", "AccessMdb\AccessMdb.csproj", "{F4C5BBE1-9338-49AE-A636-2AA8385B7451}"
EndProject
Global
	GlobalSection(SolutionConfigurationPlatforms) = preSolution
		Debug|Any CPU = Debug|Any CPU
		Release|Any CPU = Release|Any CPU
	EndGlobalSection
	GlobalSection(ProjectConfigurationPlatforms) = postSolution
		{F4C5BBE1-9338-49AE-A636-2AA8385B7451}.Debug|Any CPU.ActiveCfg = Debug|Any CPU
		{F4C5BBE1-9338-49AE-A636-2AA8385B7451}.Debug|Any CPU.Build.0 = Debug|Any CPU
		{F4C5BBE1-9338-49AE-A636-2AA8385B7451}.Release|Any CPU.ActiveCfg = Release|Any CPU
		{F4C5BBE1-9338-49AE-A636-2AA8385B7451}.Release|Any CPU.Build.0 = Release|Any CPU
	EndGlobalSection
	GlobalSection(SolutionProperties) = preSolution
		HideSolutionNode = FALSE
	EndGlobalSection
	GlobalSection(ExtensibilityGlobals) = postSolution
		SolutionGuid = {DE630CF6-F1EB-4504-9924-69BDB96C589D}
	EndGlobalSection
EndGlobal
